
Microsoft Visual Studio Solution File, Format Version 12.00
# Visual Studio Version 16
VisualStudioVersion = 16.0.31515.178
MinimumVisualStudioVersion = 10.0.40219.1
Project("{9A19103F-16F7-4668-BE54-9A1E7A4F7556}") = "Shop.Domain", "Shop.Domain\Shop.Domain.csproj", "{03E16EE9-FE18-4929-B72B-455605CFF98C}"
EndProject
Project("{9A19103F-16F7-4668-BE54-9A1E7A4F7556}") = "Shop.Application", "Shop.Application\Shop.Application.csproj", "{1242B70E-AF5D-4467-BE8B-7125DFDBE60E}"
EndProject
Project("{9A19103F-16F7-4668-BE54-9A1E7A4F7556}") = "Shop.Infastructure", "Shop.Infastructure\Shop.Infastructure.csproj", "{8A609AD2-60D6-49FE-BA5A-4794759C6F52}"
EndProject
Project("{9A19103F-16F7-4668-BE54-9A1E7A4F7556}") = "Shop.WebUI", "Shop.WebUI\Shop.WebUI.csproj", "{99E809E5-4FE3-404A-BF8B-1991DD90DD06}"
EndProject
Global
	GlobalSection(SolutionConfigurationPlatforms) = preSolution
		Debug|Any CPU = Debug|Any CPU
		Release|Any CPU = Release|Any CPU
	EndGlobalSection
	GlobalSection(ProjectConfigurationPlatforms) = postSolution
		{03E16EE9-FE18-4929-B72B-455605CFF98C}.Debug|Any CPU.ActiveCfg = Debug|Any CPU
		{03E16EE9-FE18-4929-B72B-455605CFF98C}.Debug|Any CPU.Build.0 = Debug|Any CPU
		{03E16EE9-FE18-4929-B72B-455605CFF98C}.Release|Any CPU.ActiveCfg = Release|Any CPU
		{03E16EE9-FE18-4929-B72B-455605CFF98C}.Release|Any CPU.Build.0 = Release|Any CPU
		{1242B70E-AF5D-4467-BE8B-7125DFDBE60E}.Debug|Any CPU.ActiveCfg = Debug|Any CPU
		{1242B70E-AF5D-4467-BE8B-7125DFDBE60E}.Debug|Any CPU.Build.0 = Debug|Any CPU
		{1242B70E-AF5D-4467-BE8B-7125DFDBE60E}.Release|Any CPU.ActiveCfg = Release|Any CPU
		{1242B70E-AF5D-4467-BE8B-7125DFDBE60E}.Release|Any CPU.Build.0 = Release|Any CPU
		{8A609AD2-60D6-49FE-BA5A-4794759C6F52}.Debug|Any CPU.ActiveCfg = Debug|Any CPU
		{8A609AD2-60D6-49FE-BA5A-4794759C6F52}.Debug|Any CPU.Build.0 = Debug|Any CPU
		{8A609AD2-60D6-49FE-BA5A-4794759C6F52}.Release|Any CPU.ActiveCfg = Release|Any CPU
		{8A609AD2-60D6-49FE-BA5A-4794759C6F52}.Release|Any CPU.Build.0 = Release|Any CPU
		{99E809E5-4FE3-404A-BF8B-1991DD90DD06}.Debug|Any CPU.ActiveCfg = Debug|Any CPU
		{99E809E5-4FE3-404A-BF8B-1991DD90DD06}.Debug|Any CPU.Build.0 = Debug|Any CPU
		{99E809E5-4FE3-404A-BF8B-1991DD90DD06}.Release|Any CPU.ActiveCfg = Release|Any CPU
		{99E809E5-4FE3-404A-BF8B-1991DD90DD06}.Release|Any CPU.Build.0 = Release|Any CPU
	EndGlobalSection
	GlobalSection(SolutionProperties) = preSolution
		HideSolutionNode = FALSE
	EndGlobalSection
	GlobalSection(ExtensibilityGlobals) = postSolution
		SolutionGuid = {9570262C-BCE2-42E1-ADAE-748C86F069AD}
	EndGlobalSection
EndGlobal
